
Microsoft Visual Studio Solution File, Format Version 12.00
# Visual Studio Version 16
VisualStudioVersion = 16.0.29613.14
MinimumVisualStudioVersion = 10.0.40219.1
Project("{FAE04EC0-301F-11D3-BF4B-00C04F79EFBC}") = "KeyboardSmasher", "KeyboardSmasher\KeyboardSmasher.csproj", "{2A6F89C3-CA59-44EB-9DD3-34BF26ACC964}"
EndProject
Project("{FAE04EC0-301F-11D3-BF4B-00C04F79EFBC}") = "EventsSDK", "EventsSDK\EventsSDK.csproj", "{6B156CE7-7507-4BA1-AACE-2DE568357CEB}"
EndProject
Project("{9A19103F-16F7-4668-BE54-9A1E7A4F7556}") = "Gameplay", "Gameplay\Gameplay.csproj", "{922DAB0D-50DE-4D70-8FE6-80F65CD1FFA4}"
EndProject
Global
	GlobalSection(SolutionConfigurationPlatforms) = preSolution
		Debug|Any CPU = Debug|Any CPU
		Release|Any CPU = Release|Any CPU
	EndGlobalSection
	GlobalSection(ProjectConfigurationPlatforms) = postSolution
		{2A6F89C3-CA59-44EB-9DD3-34BF26ACC964}.Debug|Any CPU.ActiveCfg = Debug|Any CPU
		{2A6F89C3-CA59-44EB-9DD3-34BF26ACC964}.Debug|Any CPU.Build.0 = Debug|Any CPU
		{2A6F89C3-CA59-44EB-9DD3-34BF26ACC964}.Release|Any CPU.ActiveCfg = Release|Any CPU
		{2A6F89C3-CA59-44EB-9DD3-34BF26ACC964}.Release|Any CPU.Build.0 = Release|Any CPU
		{6B156CE7-7507-4BA1-AACE-2DE568357CEB}.Debug|Any CPU.ActiveCfg = Debug|Any CPU
		{6B156CE7-7507-4BA1-AACE-2DE568357CEB}.Debug|Any CPU.Build.0 = Debug|Any CPU
		{6B156CE7-7507-4BA1-AACE-2DE568357CEB}.Release|Any CPU.ActiveCfg = Release|Any CPU
		{6B156CE7-7507-4BA1-AACE-2DE568357CEB}.Release|Any CPU.Build.0 = Release|Any CPU
		{922DAB0D-50DE-4D70-8FE6-80F65CD1FFA4}.Debug|Any CPU.ActiveCfg = Debug|Any CPU
		{922DAB0D-50DE-4D70-8FE6-80F65CD1FFA4}.Debug|Any CPU.Build.0 = Debug|Any CPU
		{922DAB0D-50DE-4D70-8FE6-80F65CD1FFA4}.Release|Any CPU.ActiveCfg = Release|Any CPU
		{922DAB0D-50DE-4D70-8FE6-80F65CD1FFA4}.Release|Any CPU.Build.0 = Release|Any CPU
	EndGlobalSection
	GlobalSection(SolutionProperties) = preSolution
		HideSolutionNode = FALSE
	EndGlobalSection
	GlobalSection(ExtensibilityGlobals) = postSolution
		SolutionGuid = {176DBED4-AAA2-496D-BF0A-D4337F677848}
	EndGlobalSection
EndGlobal
